
Microsoft Visual Studio Solution File, Format Version 12.00
# Visual Studio 15
Project("{FAE04EC0-301F-11D3-BF4B-00C04F79EFBC}") = "Assembly-CSharp", "Assembly-CSharp.csproj", "{A7E3C9F7-E05A-BD6B-0A9D-3CEAFD8F7BF3}"
EndProject
Project("{FAE04EC0-301F-11D3-BF4B-00C04F79EFBC}") = "PhotonUnityNetworking.Demos", "PhotonUnityNetworking.Demos.csproj", "{45736FFC-073A-C6ED-E075-EC8A3F492483}"
EndProject
Project("{FAE04EC0-301F-11D3-BF4B-00C04F79EFBC}") = "PhotonRealtime", "PhotonRealtime.csproj", "{69993407-5EC9-FE40-08A5-17BE5CEE8E5A}"
EndProject
Project("{FAE04EC0-301F-11D3-BF4B-00C04F79EFBC}") = "PhotonUnityNetworking", "PhotonUnityNetworking.csproj", "{574C0832-8B90-3B5B-1FB4-DF8093D47C02}"
EndProject
Project("{FAE04EC0-301F-11D3-BF4B-00C04F79EFBC}") = "PhotonUnityNetworking.Utilities", "PhotonUnityNetworking.Utilities.csproj", "{1164502E-5425-8C4A-86C8-029595AFDE36}"
EndProject
Project("{FAE04EC0-301F-11D3-BF4B-00C04F79EFBC}") = "PhotonChat", "PhotonChat.csproj", "{4FB3ADA1-1480-962E-BA32-447C3F8FCB27}"
EndProject
Project("{FAE04EC0-301F-11D3-BF4B-00C04F79EFBC}") = "PhotonUnityNetworking.Editor", "PhotonUnityNetworking.Editor.csproj", "{E1F65217-ED46-9D7A-1CB3-900357BB3843}"
EndProject
Project("{FAE04EC0-301F-11D3-BF4B-00C04F79EFBC}") = "PhotonUnityNetworking.Utilities.PhotonPlayer.Editor", "PhotonUnityNetworking.Utilities.PhotonPlayer.Editor.csproj", "{E5476CF9-BDB6-05BD-4F62-F6AAC43A4F51}"
EndProject
Project("{FAE04EC0-301F-11D3-BF4B-00C04F79EFBC}") = "PunDemos.DemoSlotcarEditor", "PunDemos.DemoSlotcarEditor.csproj", "{76D9966F-6709-E80C-4D75-6852EF1E3AE5}"
EndProject
Project("{FAE04EC0-301F-11D3-BF4B-00C04F79EFBC}") = "PhotonUnityNetworking.Utilities.Culling.Editor", "PhotonUnityNetworking.Utilities.Culling.Editor.csproj", "{0DA36E25-DB31-2DE1-7D81-0B69B144DF03}"
EndProject
Project("{FAE04EC0-301F-11D3-BF4B-00C04F79EFBC}") = "PunDemos.DemoHubEditor", "PunDemos.DemoHubEditor.csproj", "{2AC5CA6C-D8DD-1988-6058-D1304382418E}"
EndProject
Project("{FAE04EC0-301F-11D3-BF4B-00C04F79EFBC}") = "Assembly-CSharp-Editor", "Assembly-CSharp-Editor.csproj", "{5287AD6F-6E56-2CCB-394A-E03A5764EB40}"
EndProject
Global
	GlobalSection(SolutionConfigurationPlatforms) = preSolution
		Debug|Any CPU = Debug|Any CPU
		Release|Any CPU = Release|Any CPU
	EndGlobalSection
	GlobalSection(ProjectConfigurationPlatforms) = postSolution
		{A7E3C9F7-E05A-BD6B-0A9D-3CEAFD8F7BF3}.Debug|Any CPU.ActiveCfg = Debug|Any CPU
		{A7E3C9F7-E05A-BD6B-0A9D-3CEAFD8F7BF3}.Debug|Any CPU.Build.0 = Debug|Any CPU
		{A7E3C9F7-E05A-BD6B-0A9D-3CEAFD8F7BF3}.Release|Any CPU.ActiveCfg = Release|Any CPU
		{A7E3C9F7-E05A-BD6B-0A9D-3CEAFD8F7BF3}.Release|Any CPU.Build.0 = Release|Any CPU
		{45736FFC-073A-C6ED-E075-EC8A3F492483}.Debug|Any CPU.ActiveCfg = Debug|Any CPU
		{45736FFC-073A-C6ED-E075-EC8A3F492483}.Debug|Any CPU.Build.0 = Debug|Any CPU
		{45736FFC-073A-C6ED-E075-EC8A3F492483}.Release|Any CPU.ActiveCfg = Release|Any CPU
		{45736FFC-073A-C6ED-E075-EC8A3F492483}.Release|Any CPU.Build.0 = Release|Any CPU
		{69993407-5EC9-FE40-08A5-17BE5CEE8E5A}.Debug|Any CPU.ActiveCfg = Debug|Any CPU
		{69993407-5EC9-FE40-08A5-17BE5CEE8E5A}.Debug|Any CPU.Build.0 = Debug|Any CPU
		{69993407-5EC9-FE40-08A5-17BE5CEE8E5A}.Release|Any CPU.ActiveCfg = Release|Any CPU
		{69993407-5EC9-FE40-08A5-17BE5CEE8E5A}.Release|Any CPU.Build.0 = Release|Any CPU
		{574C0832-8B90-3B5B-1FB4-DF8093D47C02}.Debug|Any CPU.ActiveCfg = Debug|Any CPU
		{574C0832-8B90-3B5B-1FB4-DF8093D47C02}.Debug|Any CPU.Build.0 = Debug|Any CPU
		{574C0832-8B90-3B5B-1FB4-DF8093D47C02}.Release|Any CPU.ActiveCfg = Release|Any CPU
		{574C0832-8B90-3B5B-1FB4-DF8093D47C02}.Release|Any CPU.Build.0 = Release|Any CPU
		{1164502E-5425-8C4A-86C8-029595AFDE36}.Debug|Any CPU.ActiveCfg = Debug|Any CPU
		{1164502E-5425-8C4A-86C8-029595AFDE36}.Debug|Any CPU.Build.0 = Debug|Any CPU
		{1164502E-5425-8C4A-86C8-029595AFDE36}.Release|Any CPU.ActiveCfg = Release|Any CPU
		{1164502E-5425-8C4A-86C8-029595AFDE36}.Release|Any CPU.Build.0 = Release|Any CPU
		{4FB3ADA1-1480-962E-BA32-447C3F8FCB27}.Debug|Any CPU.ActiveCfg = Debug|Any CPU
		{4FB3ADA1-1480-962E-BA32-447C3F8FCB27}.Debug|Any CPU.Build.0 = Debug|Any CPU
		{4FB3ADA1-1480-962E-BA32-447C3F8FCB27}.Release|Any CPU.ActiveCfg = Release|Any CPU
		{4FB3ADA1-1480-962E-BA32-447C3F8FCB27}.Release|Any CPU.Build.0 = Release|Any CPU
		{E1F65217-ED46-9D7A-1CB3-900357BB3843}.Debug|Any CPU.ActiveCfg = Debug|Any CPU
		{E1F65217-ED46-9D7A-1CB3-900357BB3843}.Debug|Any CPU.Build.0 = Debug|Any CPU
		{E1F65217-ED46-9D7A-1CB3-900357BB3843}.Release|Any CPU.ActiveCfg = Release|Any CPU
		{E1F65217-ED46-9D7A-1CB3-900357BB3843}.Release|Any CPU.Build.0 = Release|Any CPU
		{E5476CF9-BDB6-05BD-4F62-F6AAC43A4F51}.Debug|Any CPU.ActiveCfg = Debug|Any CPU
		{E5476CF9-BDB6-05BD-4F62-F6AAC43A4F51}.Debug|Any CPU.Build.0 = Debug|Any CPU
		{E5476CF9-BDB6-05BD-4F62-F6AAC43A4F51}.Release|Any CPU.ActiveCfg = Release|Any CPU
		{E5476CF9-BDB6-05BD-4F62-F6AAC43A4F51}.Release|Any CPU.Build.0 = Release|Any CPU
		{76D9966F-6709-E80C-4D75-6852EF1E3AE5}.Debug|Any CPU.ActiveCfg = Debug|Any CPU
		{76D9966F-6709-E80C-4D75-6852EF1E3AE5}.Debug|Any CPU.Build.0 = Debug|Any CPU
		{76D9966F-6709-E80C-4D75-6852EF1E3AE5}.Release|Any CPU.ActiveCfg = Release|Any CPU
		{76D9966F-6709-E80C-4D75-6852EF1E3AE5}.Release|Any CPU.Build.0 = Release|Any CPU
		{0DA36E25-DB31-2DE1-7D81-0B69B144DF03}.Debug|Any CPU.ActiveCfg = Debug|Any CPU
		{0DA36E25-DB31-2DE1-7D81-0B69B144DF03}.Debug|Any CPU.Build.0 = Debug|Any CPU
		{0DA36E25-DB31-2DE1-7D81-0B69B144DF03}.Release|Any CPU.ActiveCfg = Release|Any CPU
		{0DA36E25-DB31-2DE1-7D81-0B69B144DF03}.Release|Any CPU.Build.0 = Release|Any CPU
		{2AC5CA6C-D8DD-1988-6058-D1304382418E}.Debug|Any CPU.ActiveCfg = Debug|Any CPU
		{2AC5CA6C-D8DD-1988-6058-D1304382418E}.Debug|Any CPU.Build.0 = Debug|Any CPU
		{2AC5CA6C-D8DD-1988-6058-D1304382418E}.Release|Any CPU.ActiveCfg = Release|Any CPU
		{2AC5CA6C-D8DD-1988-6058-D1304382418E}.Release|Any CPU.Build.0 = Release|Any CPU
		{5287AD6F-6E56-2CCB-394A-E03A5764EB40}.Debug|Any CPU.ActiveCfg = Debug|Any CPU
		{5287AD6F-6E56-2CCB-394A-E03A5764EB40}.Debug|Any CPU.Build.0 = Debug|Any CPU
		{5287AD6F-6E56-2CCB-394A-E03A5764EB40}.Release|Any CPU.ActiveCfg = Release|Any CPU
		{5287AD6F-6E56-2CCB-394A-E03A5764EB40}.Release|Any CPU.Build.0 = Release|Any CPU
	EndGlobalSection
	GlobalSection(SolutionProperties) = preSolution
		HideSolutionNode = FALSE
	EndGlobalSection
EndGlobal
